# This file is automatically @generated by Cargo.
# It is not intended for manual editing.
version = 4

[[package]]
name = "rymos-bootloader"
version = "0.1.0"

[[package]]
name = "rymos-kernel"
version = "0.1.0"

[[package]]
name = "rymos-program-allocdemo"
version = "0.1.0"
dependencies = [
 "rymos-user",
]

[[package]]
name = "rymos-program-bigoutput"
version = "0.1.0"
dependencies = [
 "rymos-user",
]

[[package]]
name = "rymos-program-cargolike"
version = "0.1.0"

[[package]]
name = "rymos-program-cmdapi"
version = "0.1.0"
dependencies = [
 "rymos-user",
]

[[package]]
name = "rymos-program-echoin"
version = "0.1.0"
dependencies = [
 "rymos-user",
]

[[package]]
name = "rymos-program-faultcheck"
version = "0.1.0"
dependencies = [
 "rymos-user",
]

[[package]]
name = "rymos-program-fswalk"
version = "0.1.0"
dependencies = [
 "rymos-user",
]

[[package]]
name = "rymos-program-heapstress"
version = "0.1.0"
dependencies = [
 "rymos-user",
]

[[package]]
name = "rymos-program-hello"
version = "0.1.0"
dependencies = [
 "rymos-user",
]

[[package]]
name = "rymos-program-relay"
version = "0.1.0"
dependencies = [
 "rymos-user",
]

[[package]]
name = "rymos-program-rysh"
version = "0.1.0"
dependencies = [
 "rymos-user",
]

[[package]]
name = "rymos-program-stdreal"
version = "0.1.0"

[[package]]
name = "rymos-program-stdshim"
version = "0.1.0"
dependencies = [
 "rymos-user",
]

[[package]]
name = "rymos-user"
version = "0.1.0"
